
Microsoft Visual Studio Solution File, Format Version 12.00
# Visual Studio Version 16
VisualStudioVersion = 16.0.32413.511
MinimumVisualStudioVersion = 10.0.40219.1
Project("{FAE04EC0-301F-11D3-BF4B-00C04F79EFBC}") = "vEcom", "vEcom\vEcom.csproj", "{BDDA0EDE-FEE2-4F83-8B49-0DCF0242D762}"
EndProject
Global
	GlobalSection(SolutionConfigurationPlatforms) = preSolution
		Debug|Any CPU = Debug|Any CPU
		Release|Any CPU = Release|Any CPU
	EndGlobalSection
	GlobalSection(ProjectConfigurationPlatforms) = postSolution
		{BDDA0EDE-FEE2-4F83-8B49-0DCF0242D762}.Debug|Any CPU.ActiveCfg = Debug|Any CPU
		{BDDA0EDE-FEE2-4F83-8B49-0DCF0242D762}.Debug|Any CPU.Build.0 = Debug|Any CPU
		{BDDA0EDE-FEE2-4F83-8B49-0DCF0242D762}.Release|Any CPU.ActiveCfg = Release|Any CPU
		{BDDA0EDE-FEE2-4F83-8B49-0DCF0242D762}.Release|Any CPU.Build.0 = Release|Any CPU
	EndGlobalSection
	GlobalSection(SolutionProperties) = preSolution
		HideSolutionNode = FALSE
	EndGlobalSection
	GlobalSection(ExtensibilityGlobals) = postSolution
		SolutionGuid = {4157B626-25AB-4481-8DC9-7269E20EC21E}
	EndGlobalSection
EndGlobal
